
Microsoft Visual Studio Solution File, Format Version 12.00
# Visual Studio Version 17
VisualStudioVersion = 17.6.33723.286
MinimumVisualStudioVersion = 10.0.40219.1
Project("{8BC9CEB8-8B4A-11D0-8D11-00A0C91BC942}") = "ENTT_TMX_RAYLIB_PLAYGROUND", "ENTT_TMX_RAYLIB_PLAYGROUND\ENTT_TMX_RAYLIB_PLAYGROUND.vcxproj", "{38D36E70-65C3-4F44-AAF9-42929099759A}"
EndProject
Global
	GlobalSection(SolutionConfigurationPlatforms) = preSolution
		Debug|x64 = Debug|x64
		Debug|x86 = Debug|x86
		Release|x64 = Release|x64
		Release|x86 = Release|x86
	EndGlobalSection
	GlobalSection(ProjectConfigurationPlatforms) = postSolution
		{38D36E70-65C3-4F44-AAF9-42929099759A}.Debug|x64.ActiveCfg = Debug|x64
		{38D36E70-65C3-4F44-AAF9-42929099759A}.Debug|x64.Build.0 = Debug|x64
		{38D36E70-65C3-4F44-AAF9-42929099759A}.Debug|x86.ActiveCfg = Debug|Win32
		{38D36E70-65C3-4F44-AAF9-42929099759A}.Debug|x86.Build.0 = Debug|Win32
		{38D36E70-65C3-4F44-AAF9-42929099759A}.Release|x64.ActiveCfg = Release|x64
		{38D36E70-65C3-4F44-AAF9-42929099759A}.Release|x64.Build.0 = Release|x64
		{38D36E70-65C3-4F44-AAF9-42929099759A}.Release|x86.ActiveCfg = Release|Win32
		{38D36E70-65C3-4F44-AAF9-42929099759A}.Release|x86.Build.0 = Release|Win32
	EndGlobalSection
	GlobalSection(SolutionProperties) = preSolution
		HideSolutionNode = FALSE
	EndGlobalSection
	GlobalSection(ExtensibilityGlobals) = postSolution
		SolutionGuid = {BC8703B2-7812-4131-A465-B514DA98D165}
	EndGlobalSection
EndGlobal
