<?xml version="1.0" encoding="utf-8"?>
<Project ToolsVersion="4.0" xmlns="http://schemas.microsoft.com/developer/msbuild/2003">
  <ItemGroup>
    <Filter Include="Source Files">
      <UniqueIdentifier>{4FC737F1-C7A5-4376-A066-2A32D752A2FF}</UniqueIdentifier>
      <Extensions>cpp;c;cc;cxx;c++;cppm;ixx;def;odl;idl;hpj;bat;asm;asmx</Extensions>
    </Filter>
    <Filter Include="Header Files">
      <UniqueIdentifier>{93995380-89BD-4b04-88EB-625FBE52EBFB}</UniqueIdentifier>
      <Extensions>h;hh;hpp;hxx;h++;hm;inl;inc;ipp;xsd</Extensions>
    </Filter>
    <Filter Include="Resource Files">
      <UniqueIdentifier>{67DA6AB6-F800-4c08-8B7A-83BB121AAD01}</UniqueIdentifier>
      <Extensions>rc;ico;cur;bmp;dlg;rc2;rct;bin;rgs;gif;jpg;jpeg;jpe;resx;tiff;tif;png;wav;mfcribbon-ms</Extensions>
    </Filter>
    <Filter Include="resources">
      <UniqueIdentifier>{4abda824-2624-47be-9e81-ad00ceec2594}</UniqueIdentifier>
    </Filter>
    <Filter Include="resources\desert-example">
      <UniqueIdentifier>{fa04e099-f335-447f-be2f-1b630ee0dc30}</UniqueIdentifier>
    </Filter>
    <Filter Include="resources\forest-example">
      <UniqueIdentifier>{f18489fc-01d6-44ea-89e5-850be99b47c9}</UniqueIdentifier>
    </Filter>
  </ItemGroup>
  <ItemGroup>
    <ClCompile Include="main.cpp">
      <Filter>Source Files</Filter>
    </ClCompile>
  </ItemGroup>
  <ItemGroup>
    <ClInclude Include="entt.hpp">
      <Filter>Header Files</Filter>
    </ClInclude>
  </ItemGroup>
  <ItemGroup>
    <None Include="resources\desert-example\desert.json">
      <Filter>resources\desert-example</Filter>
    </None>
    <None Include="resources\desert-example\desert.tmx">
      <Filter>resources\desert-example</Filter>
    </None>
  </ItemGroup>
  <ItemGroup>
    <Image Include="resources\desert-example\Raylib_logo.png">
      <Filter>resources\desert-example</Filter>
    </Image>
    <Image Include="resources\desert-example\tmw_desert_spacing.png">
      <Filter>resources\desert-example</Filter>
    </Image>
  </ItemGroup>
</Project>